PODS:
  - Alamofire (4.8.2)
  - XLPagerTabStrip (9.0.0)

DEPENDENCIES:
  - Alamofire (~> 4.8.2)
  - XLPagerTabStrip

SPEC REPOS:
  trunk:
    - Alamofire
    - XLPagerTabStrip

SPEC CHECKSUMS:
  Alamofire: ae5c501addb7afdbb13687d7f2f722c78734c2d3
  XLPagerTabStrip: 61c57fd61f611ee5f01ff1495ad6fbee8bf496c5

PODFILE CHECKSUM: 42721bdb8c4d3f086cbe14ee0a8fab5df5b6bc95

COCOAPODS: 1.8.4
